
Microsoft Visual Studio Solution File, Format Version 12.00
# Visual Studio Version 16
VisualStudioVersion = 16.0.32002.261
MinimumVisualStudioVersion = 10.0.40219.1
Project("{E24C65DC-7377-472B-9ABA-BC803B73C61A}") = "babylon", "babylon\", "{2BFD1B0D-0B06-4F76-A282-215FE8810B40}"
	ProjectSection(WebsiteProperties) = preProject
		TargetFrameworkMoniker = ".NETFramework,Version%3Dv4.8"
		Debug.AspNetCompiler.VirtualPath = "/localhost_24739"
		Debug.AspNetCompiler.PhysicalPath = "babylon\"
		Debug.AspNetCompiler.TargetPath = "PrecompiledWeb\localhost_24739\"
		Debug.AspNetCompiler.Updateable = "true"
		Debug.AspNetCompiler.ForceOverwrite = "true"
		Debug.AspNetCompiler.FixedNames = "false"
		Debug.AspNetCompiler.Debug = "True"
		Release.AspNetCompiler.VirtualPath = "/localhost_24739"
		Release.AspNetCompiler.PhysicalPath = "babylon\"
		Release.AspNetCompiler.TargetPath = "PrecompiledWeb\localhost_24739\"
		Release.AspNetCompiler.Updateable = "true"
		Release.AspNetCompiler.ForceOverwrite = "true"
		Release.AspNetCompiler.FixedNames = "false"
		Release.AspNetCompiler.Debug = "False"
		VWDPort = "24739"
		SlnRelativePath = "babylon\"
		DefaultWebSiteLanguage = "Visual C#"
	EndProjectSection
EndProject
Global
	GlobalSection(SolutionConfigurationPlatforms) = preSolution
		Debug|Any CPU = Debug|Any CPU
		Release|Any CPU = Release|Any CPU
	EndGlobalSection
	GlobalSection(ProjectConfigurationPlatforms) = postSolution
		{2BFD1B0D-0B06-4F76-A282-215FE8810B40}.Debug|Any CPU.ActiveCfg = Debug|Any CPU
		{2BFD1B0D-0B06-4F76-A282-215FE8810B40}.Debug|Any CPU.Build.0 = Debug|Any CPU
		{2BFD1B0D-0B06-4F76-A282-215FE8810B40}.Release|Any CPU.ActiveCfg = Debug|Any CPU
		{2BFD1B0D-0B06-4F76-A282-215FE8810B40}.Release|Any CPU.Build.0 = Debug|Any CPU
	EndGlobalSection
	GlobalSection(SolutionProperties) = preSolution
		HideSolutionNode = FALSE
	EndGlobalSection
	GlobalSection(ExtensibilityGlobals) = postSolution
		SolutionGuid = {1F219808-E6E8-4C1D-B846-41F2F7CF20FA}
	EndGlobalSection
EndGlobal
